
Microsoft Visual Studio Solution File, Format Version 12.00
# Visual Studio Version 16
VisualStudioVersion = 16.0.29905.134
MinimumVisualStudioVersion = 10.0.40219.1
Project("{888888A0-9F3D-457C-B088-3A5042F75D52}") = "LV1", "LV1\LV1.pyproj", "{C2B0EAAA-0DCE-43FD-BBBB-D817092FCBA3}"
EndProject
Global
	GlobalSection(SolutionConfigurationPlatforms) = preSolution
		Debug|Any CPU = Debug|Any CPU
		Release|Any CPU = Release|Any CPU
	EndGlobalSection
	GlobalSection(ProjectConfigurationPlatforms) = postSolution
		{C2B0EAAA-0DCE-43FD-BBBB-D817092FCBA3}.Debug|Any CPU.ActiveCfg = Debug|Any CPU
		{C2B0EAAA-0DCE-43FD-BBBB-D817092FCBA3}.Release|Any CPU.ActiveCfg = Release|Any CPU
	EndGlobalSection
	GlobalSection(SolutionProperties) = preSolution
		HideSolutionNode = FALSE
	EndGlobalSection
	GlobalSection(ExtensibilityGlobals) = postSolution
		SolutionGuid = {194225C4-D777-4EA9-A18A-6DEBFDE3E9F8}
	EndGlobalSection
EndGlobal
